
Microsoft Visual Studio Solution File, Format Version 12.00
# Visual Studio Version 16
VisualStudioVersion = 16.0.30413.136
MinimumVisualStudioVersion = 10.0.40219.1
Project("{9A19103F-16F7-4668-BE54-9A1E7A4F7556}") = "MVCApp", "MVCApp.csproj", "{C81B8860-3F42-4078-B319-65B7EAFB6843}"
EndProject
Global
	GlobalSection(SolutionConfigurationPlatforms) = preSolution
		Debug|Any CPU = Debug|Any CPU
		Release|Any CPU = Release|Any CPU
	EndGlobalSection
	GlobalSection(ProjectConfigurationPlatforms) = postSolution
		{C81B8860-3F42-4078-B319-65B7EAFB6843}.Debug|Any CPU.ActiveCfg = Debug|Any CPU
		{C81B8860-3F42-4078-B319-65B7EAFB6843}.Debug|Any CPU.Build.0 = Debug|Any CPU
		{C81B8860-3F42-4078-B319-65B7EAFB6843}.Release|Any CPU.ActiveCfg = Release|Any CPU
		{C81B8860-3F42-4078-B319-65B7EAFB6843}.Release|Any CPU.Build.0 = Release|Any CPU
	EndGlobalSection
	GlobalSection(SolutionProperties) = preSolution
		HideSolutionNode = FALSE
	EndGlobalSection
	GlobalSection(ExtensibilityGlobals) = postSolution
		SolutionGuid = {AC3727DA-BE0B-4596-89BC-BFC40D60E983}
	EndGlobalSection
EndGlobal
